
Microsoft Visual Studio Solution File, Format Version 12.00
# Visual Studio Version 17
VisualStudioVersion = 17.0.31903.59
MinimumVisualStudioVersion = 10.0.40219.1
Project("{9A19103F-16F7-4668-BE54-9A1E7A4F7556}") = "SOEM", "SOEM\SOEM.csproj", "{49FF50B0-F32B-43D5-8C48-47713CB90FF8}"
EndProject
Project("{9A19103F-16F7-4668-BE54-9A1E7A4F7556}") = "RemoteSOEM", "RemoteSOEM\RemoteSOEM.csproj", "{55F1A21E-45F4-4AEA-BE2D-A57E77D2892A}"
EndProject
Global
	GlobalSection(SolutionConfigurationPlatforms) = preSolution
		Debug|Any CPU = Debug|Any CPU
		Release|Any CPU = Release|Any CPU
	EndGlobalSection
	GlobalSection(ProjectConfigurationPlatforms) = postSolution
		{49FF50B0-F32B-43D5-8C48-47713CB90FF8}.Debug|Any CPU.ActiveCfg = Debug|Any CPU
		{49FF50B0-F32B-43D5-8C48-47713CB90FF8}.Debug|Any CPU.Build.0 = Debug|Any CPU
		{49FF50B0-F32B-43D5-8C48-47713CB90FF8}.Release|Any CPU.ActiveCfg = Release|Any CPU
		{49FF50B0-F32B-43D5-8C48-47713CB90FF8}.Release|Any CPU.Build.0 = Release|Any CPU
		{55F1A21E-45F4-4AEA-BE2D-A57E77D2892A}.Debug|Any CPU.ActiveCfg = Debug|Any CPU
		{55F1A21E-45F4-4AEA-BE2D-A57E77D2892A}.Debug|Any CPU.Build.0 = Debug|Any CPU
		{55F1A21E-45F4-4AEA-BE2D-A57E77D2892A}.Release|Any CPU.ActiveCfg = Release|Any CPU
		{55F1A21E-45F4-4AEA-BE2D-A57E77D2892A}.Release|Any CPU.Build.0 = Release|Any CPU
	EndGlobalSection
	GlobalSection(SolutionProperties) = preSolution
		HideSolutionNode = FALSE
	EndGlobalSection
	GlobalSection(ExtensibilityGlobals) = postSolution
		SolutionGuid = {36C554C5-D3AF-4BDF-95E1-E645CF4D1069}
	EndGlobalSection
EndGlobal
